// !$*UTF8*$!
{
	archiveVersion = 1;
	classes = {
	};
	objectVersion = 48;
	objects = {

/* Begin PBXBuildFile section */
		99889BED6F4D44E522F4416F /* Pods_Todoey.framework in Frameworks */ = {isa = PBXBuildFile; fileRef = 6EFA9F929D02BF3EE05C789D /* Pods_Todoey.framework */; };
		D726730A206928E200BEF17E /* DataModel.xcdatamodeld in Sources */ = {isa = PBXBuildFile; fileRef = D7267308206928E200BEF17E /* DataModel.xcdatamodeld */; };
		D726730C206A6D7D00BEF17E /* CategoryViewController.swift in Sources */ = {isa = PBXBuildFile; fileRef = D726730B206A6D7D00BEF17E /* CategoryViewController.swift */; };
		D7267310206D20DC00BEF17E /* Item.swift in Sources */ = {isa = PBXBuildFile; fileRef = D726730F206D20DC00BEF17E /* Item.swift */; };
		D7267312206D20ED00BEF17E /* Category.swift in Sources */ = {isa = PBXBuildFile; fileRef = D7267311206D20ED00BEF17E /* Category.swift */; };
		D7F4AA3D20617F4E005CDFD0 /* AppDelegate.swift in Sources */ = {isa = PBXBuildFile; fileRef = D7F4AA3C20617F4E005CDFD0 /* AppDelegate.swift */; };
		D7F4AA3F20617F4E005CDFD0 /* TodoListViewController.swift in Sources */ = {isa = PBXBuildFile; fileRef = D7F4AA3E20617F4E005CDFD0 /* TodoListViewController.swift */; };
		D7F4AA4220617F4E005CDFD0 /* Main.storyboard in Resources */ = {isa = PBXBuildFile; fileRef = D7F4AA4020617F4E005CDFD0 /* Main.storyboard */; };
		D7F4AA4420617F4E005CDFD0 /* Assets.xcassets in Resources */ = {isa = PBXBuildFile; fileRef = D7F4AA4320617F4E005CDFD0 /* Assets.xcassets */; };
		D7F4AA4720617F4E005CDFD0 /* LaunchScreen.storyboard in Resources */ = {isa = PBXBuildFile; fileRef = D7F4AA4520617F4E005CDFD0 /* LaunchScreen.storyboard */; };
/* End PBXBuildFile section */

/* Begin PBXFileReference section */
		4E10845F0372417BDF391326 /* Pods-Todoey.release.xcconfig */ = {isa = PBXFileReference; includeInIndex = 1; lastKnownFileType = text.xcconfig; name = "Pods-Todoey.release.xcconfig"; path = "Pods/Target Support Files/Pods-Todoey/Pods-Todoey.release.xcconfig"; sourceTree = "<group>"; };
		6EFA9F929D02BF3EE05C789D /* Pods_Todoey.framework */ = {isa = PBXFileReference; explicitFileType = wrapper.framework; includeInIndex = 0; path = Pods_Todoey.framework; sourceTree = BUILT_PRODUCTS_DIR; };
		AC4B4F2045B31243CD04A998 /* Pods-Todoey.debug.xcconfig */ = {isa = PBXFileReference; includeInIndex = 1; lastKnownFileType = text.xcconfig; name = "Pods-Todoey.debug.xcconfig"; path = "Pods/Target Support Files/Pods-Todoey/Pods-Todoey.debug.xcconfig"; sourceTree = "<group>"; };
		D7267309206928E200BEF17E /* DataModel.xcdatamodel */ = {isa = PBXFileReference; lastKnownFileType = wrapper.xcdatamodel; path = DataModel.xcdatamodel; sourceTree = "<group>"; };
		D726730B206A6D7D00BEF17E /* CategoryViewController.swift */ = {isa = PBXFileReference; lastKnownFileType = sourcecode.swift; path = CategoryViewController.swift; sourceTree = "<group>"; };
		D726730F206D20DC00BEF17E /* Item.swift */ = {isa = PBXFileReference; lastKnownFileType = sourcecode.swift; path = Item.swift; sourceTree = "<group>"; };
		D7267311206D20ED00BEF17E /* Category.swift */ = {isa = PBXFileReference; lastKnownFileType = sourcecode.swift; path = Category.swift; sourceTree = "<group>"; };
		D7F4AA3920617F4E005CDFD0 /* Todoey.app */ = {isa = PBXFileReference; explicitFileType = wrapper.application; includeInIndex = 0; path = Todoey.app; sourceTree = BUILT_PRODUCTS_DIR; };
		D7F4AA3C20617F4E005CDFD0 /* AppDelegate.swift */ = {isa = PBXFileReference; lastKnownFileType = sourcecode.swift; path = AppDelegate.swift; sourceTree = "<group>"; };
		D7F4AA3E20617F4E005CDFD0 /* TodoListViewController.swift */ = {isa = PBXFileReference; lastKnownFileType = sourcecode.swift; path = TodoListViewController.swift; sourceTree = "<group>"; };
		D7F4AA4120617F4E005CDFD0 /* Base */ = {isa = PBXFileReference; lastKnownFileType = file.storyboard; name = Base; path = Base.lproj/Main.storyboard; sourceTree = "<group>"; };
		D7F4AA4320617F4E005CDFD0 /* Assets.xcassets */ = {isa = PBXFileReference; lastKnownFileType = folder.assetcatalog; path = Assets.xcassets; sourceTree = "<group>"; };
		D7F4AA4620617F4E005CDFD0 /* Base */ = {isa = PBXFileReference; lastKnownFileType = file.storyboard; name = Base; path = Base.lproj/LaunchScreen.storyboard; sourceTree = "<group>"; };
		D7F4AA4820617F4E005CDFD0 /* Info.plist */ = {isa = PBXFileReference; lastKnownFileType = text.plist.xml; path = Info.plist; sourceTree = "<group>"; };
/* End PBXFileReference section */

/* Begin PBXFrameworksBuildPhase section */
		D7F4AA3620617F4E005CDFD0 /* Frameworks */ = {
			isa = PBXFrameworksBuildPhase;
			buildActionMask = 2147483647;
			files = (
				99889BED6F4D44E522F4416F /* Pods_Todoey.framework in Frameworks */,
			);
			runOnlyForDeploymentPostprocessing = 0;
		};
/* End PBXFrameworksBuildPhase section */

/* Begin PBXGroup section */
		70440F6EAF3882FCCEA1CD62 /* Pods */ = {
			isa = PBXGroup;
			children = (
				AC4B4F2045B31243CD04A998 /* Pods-Todoey.debug.xcconfig */,
				4E10845F0372417BDF391326 /* Pods-Todoey.release.xcconfig */,
			);
			name = Pods;
			sourceTree = "<group>";
		};
		D72672E32062EE8500BEF17E /* Controllers */ = {
			isa = PBXGroup;
			children = (
				D726730B206A6D7D00BEF17E /* CategoryViewController.swift */,
				D7F4AA3E20617F4E005CDFD0 /* TodoListViewController.swift */,
			);
			path = Controllers;
			sourceTree = "<group>";
		};
		D72672E42062EEC800BEF17E /* Data Model */ = {
			isa = PBXGroup;
			children = (
				D7267308206928E200BEF17E /* DataModel.xcdatamodeld */,
				D7267311206D20ED00BEF17E /* Category.swift */,
				D726730F206D20DC00BEF17E /* Item.swift */,
			);
			path = "Data Model";
			sourceTree = "<group>";
		};
		D72672E52062EEDC00BEF17E /* Views */ = {
			isa = PBXGroup;
			children = (
				D7F4AA4020617F4E005CDFD0 /* Main.storyboard */,
			);
			path = Views;
			sourceTree = "<group>";
		};
		D72672E62062EEE600BEF17E /* Supporting Files */ = {
			isa = PBXGroup;
			children = (
				D7F4AA4320617F4E005CDFD0 /* Assets.xcassets */,
				D7F4AA4520617F4E005CDFD0 /* LaunchScreen.storyboard */,
			);
			path = "Supporting Files";
			sourceTree = "<group>";
		};
		D7F4AA3020617F4D005CDFD0 = {
			isa = PBXGroup;
			children = (
				D7F4AA3B20617F4E005CDFD0 /* Todoey */,
				D7F4AA3A20617F4E005CDFD0 /* Products */,
				70440F6EAF3882FCCEA1CD62 /* Pods */,
				E40C28D95C130634F522029F /* Frameworks */,
			);
			sourceTree = "<group>";
		};
		D7F4AA3A20617F4E005CDFD0 /* Products */ = {
			isa = PBXGroup;
			children = (
				D7F4AA3920617F4E005CDFD0 /* Todoey.app */,
			);
			name = Products;
			sourceTree = "<group>";
		};
		D7F4AA3B20617F4E005CDFD0 /* Todoey */ = {
			isa = PBXGroup;
			children = (
				D7F4AA4820617F4E005CDFD0 /* Info.plist */,
				D7F4AA3C20617F4E005CDFD0 /* AppDelegate.swift */,
				D72672E32062EE8500BEF17E /* Controllers */,
				D72672E42062EEC800BEF17E /* Data Model */,
				D72672E62062EEE600BEF17E /* Supporting Files */,
				D72672E52062EEDC00BEF17E /* Views */,
			);
			path = Todoey;
			sourceTree = "<group>";
		};
		E40C28D95C130634F522029F /* Frameworks */ = {
			isa = PBXGroup;
			children = (
				6EFA9F929D02BF3EE05C789D /* Pods_Todoey.framework */,
			);
			name = Frameworks;
			sourceTree = "<group>";
		};
/* End PBXGroup section */

/* Begin PBXNativeTarget section */
		D7F4AA3820617F4E005CDFD0 /* Todoey */ = {
			isa = PBXNativeTarget;
			buildConfigurationList = D7F4AA4B20617F4E005CDFD0 /* Build configuration list for PBXNativeTarget "Todoey" */;
			buildPhases = (
				A623B0C9F32D008815AC9116 /* [CP] Check Pods Manifest.lock */,
				D7F4AA3520617F4E005CDFD0 /* Sources */,
				D7F4AA3620617F4E005CDFD0 /* Frameworks */,
				D7F4AA3720617F4E005CDFD0 /* Resources */,
				BA229367ECD7DEE8C46D32D1 /* [CP] Embed Pods Frameworks */,
				A00949777C343EC20E802721 /* [CP] Copy Pods Resources */,
			);
			buildRules = (
			);
			dependencies = (
			);
			name = Todoey;
			productName = Todoey;
			productReference = D7F4AA3920617F4E005CDFD0 /* Todoey.app */;
			productType = "com.apple.product-type.application";
		};
/* End PBXNativeTarget section */

/* Begin PBXProject section */
		D7F4AA3120617F4D005CDFD0 /* Project object */ = {
			isa = PBXProject;
			attributes = {
				LastSwiftUpdateCheck = 0920;
				LastUpgradeCheck = 0920;
				ORGANIZATIONNAME = Controlsequipment;
				TargetAttributes = {
					D7F4AA3820617F4E005CDFD0 = {
						CreatedOnToolsVersion = 9.2;
						ProvisioningStyle = Automatic;
					};
				};
			};
			buildConfigurationList = D7F4AA3420617F4D005CDFD0 /* Build configuration list for PBXProject "Todoey" */;
			compatibilityVersion = "Xcode 8.0";
			developmentRegion = en;
			hasScannedForEncodings = 0;
			knownRegions = (
				en,
				Base,
			);
			mainGroup = D7F4AA3020617F4D005CDFD0;
			productRefGroup = D7F4AA3A20617F4E005CDFD0 /* Products */;
			projectDirPath = "";
			projectRoot = "";
			targets = (
				D7F4AA3820617F4E005CDFD0 /* Todoey */,
			);
		};
/* End PBXProject section */

/* Begin PBXResourcesBuildPhase section */
		D7F4AA3720617F4E005CDFD0 /* Resources */ = {
			isa = PBXResourcesBuildPhase;
			buildActionMask = 2147483647;
			files = (
				D7F4AA4720617F4E005CDFD0 /* LaunchScreen.storyboard in Resources */,
				D7F4AA4420617F4E005CDFD0 /* Assets.xcassets in Resources */,
				D7F4AA4220617F4E005CDFD0 /* Main.storyboard in Resources */,
			);
			runOnlyForDeploymentPostprocessing = 0;
		};
/* End PBXResourcesBuildPhase section */

/* Begin PBXShellScriptBuildPhase section */
		A00949777C343EC20E802721 /* [CP] Copy Pods Resources */ = {
			isa = PBXShellScriptBuildPhase;
			buildActionMask = 2147483647;
			files = (
			);
			inputPaths = (
			);
			name = "[CP] Copy Pods Resources";
			outputPaths = (
			);
			runOnlyForDeploymentPostprocessing = 0;
			shellPath = /bin/sh;
			shellScript = "\"${SRCROOT}/Pods/Target Support Files/Pods-Todoey/Pods-Todoey-resources.sh\"\n";
			showEnvVarsInLog = 0;
		};
		A623B0C9F32D008815AC9116 /* [CP] Check Pods Manifest.lock */ = {
			isa = PBXShellScriptBuildPhase;
			buildActionMask = 2147483647;
			files = (
			);
			inputPaths = (
				"${PODS_PODFILE_DIR_PATH}/Podfile.lock",
				"${PODS_ROOT}/Manifest.lock",
			);
			name = "[CP] Check Pods Manifest.lock";
			outputPaths = (
				"$(DERIVED_FILE_DIR)/Pods-Todoey-checkManifestLockResult.txt",
			);
			runOnlyForDeploymentPostprocessing = 0;
			shellPath = /bin/sh;
			shellScript = "diff \"${PODS_PODFILE_DIR_PATH}/Podfile.lock\" \"${PODS_ROOT}/Manifest.lock\" > /dev/null\nif [ $? != 0 ] ; then\n    # print error to STDERR\n    echo \"error: The sandbox is not in sync with the Podfile.lock. Run 'pod install' or update your CocoaPods installation.\" >&2\n    exit 1\nfi\n# This output is used by Xcode 'outputs' to avoid re-running this script phase.\necho \"SUCCESS\" > \"${SCRIPT_OUTPUT_FILE_0}\"\n";
			showEnvVarsInLog = 0;
		};
		BA229367ECD7DEE8C46D32D1 /* [CP] Embed Pods Frameworks */ = {
			isa = PBXShellScriptBuildPhase;
			buildActionMask = 2147483647;
			files = (
			);
			inputPaths = (
				"${SRCROOT}/Pods/Target Support Files/Pods-Todoey/Pods-Todoey-frameworks.sh",
				"${BUILT_PRODUCTS_DIR}/Realm/Realm.framework",
				"${BUILT_PRODUCTS_DIR}/RealmSwift/RealmSwift.framework",
			);
			name = "[CP] Embed Pods Frameworks";
			outputPaths = (
				"${TARGET_BUILD_DIR}/${FRAMEWORKS_FOLDER_PATH}/Realm.framework",
				"${TARGET_BUILD_DIR}/${FRAMEWORKS_FOLDER_PATH}/RealmSwift.framework",
			);
			runOnlyForDeploymentPostprocessing = 0;
			shellPath = /bin/sh;
			shellScript = "\"${SRCROOT}/Pods/Target Support Files/Pods-Todoey/Pods-Todoey-frameworks.sh\"\n";
			showEnvVarsInLog = 0;
		};
/* End PBXShellScriptBuildPhase section */

/* Begin PBXSourcesBuildPhase section */
		D7F4AA3520617F4E005CDFD0 /* Sources */ = {
			isa = PBXSourcesBuildPhase;
			buildActionMask = 2147483647;
			files = (
				D7267310206D20DC00BEF17E /* Item.swift in Sources */,
				D726730C206A6D7D00BEF17E /* CategoryViewController.swift in Sources */,
				D7F4AA3F20617F4E005CDFD0 /* TodoListViewController.swift in Sources */,
				D726730A206928E200BEF17E /* DataModel.xcdatamodeld in Sources */,
				D7F4AA3D20617F4E005CDFD0 /* AppDelegate.swift in Sources */,
				D7267312206D20ED00BEF17E /* Category.swift in Sources */,
			);
			runOnlyForDeploymentPostprocessing = 0;
		};
/* End PBXSourcesBuildPhase section */

/* Begin PBXVariantGroup section */
		D7F4AA4020617F4E005CDFD0 /* Main.storyboard */ = {
			isa = PBXVariantGroup;
			children = (
				D7F4AA4120617F4E005CDFD0 /* Base */,
			);
			name = Main.storyboard;
			sourceTree = "<group>";
		};
		D7F4AA4520617F4E005CDFD0 /* LaunchScreen.storyboard */ = {
			isa = PBXVariantGroup;
			children = (
				D7F4AA4620617F4E005CDFD0 /* Base */,
			);
			name = LaunchScreen.storyboard;
			sourceTree = "<group>";
		};
/* End PBXVariantGroup section */

/* Begin XCBuildConfiguration section */
		D7F4AA4920617F4E005CDFD0 /* Debug */ = {
			isa = XCBuildConfiguration;
			buildSettings = {
				ALWAYS_SEARCH_USER_PATHS = NO;
				CLANG_ANALYZER_NONNULL = YES;
				CLANG_ANALYZER_NUMBER_OBJECT_CONVERSION = YES_AGGRESSIVE;
				CLANG_CXX_LANGUAGE_STANDARD = "gnu++14";
				CLANG_CXX_LIBRARY = "libc++";
				CLANG_ENABLE_MODULES = YES;
				CLANG_ENABLE_OBJC_ARC = YES;
				CLANG_WARN_BLOCK_CAPTURE_AUTORELEASING = YES;
				CLANG_WARN_BOOL_CONVERSION = YES;
				CLANG_WARN_COMMA = YES;
				CLANG_WARN_CONSTANT_CONVERSION = YES;
				CLANG_WARN_DIRECT_OBJC_ISA_USAGE = YES_ERROR;
				CLANG_WARN_DOCUMENTATION_COMMENTS = YES;
				CLANG_WARN_EMPTY_BODY = YES;
				CLANG_WARN_ENUM_CONVERSION = YES;
				CLANG_WARN_INFINITE_RECURSION = YES;
				CLANG_WARN_INT_CONVERSION = YES;
				CLANG_WARN_NON_LITERAL_NULL_CONVERSION = YES;
				CLANG_WARN_OBJC_LITERAL_CONVERSION = YES;
				CLANG_WARN_OBJC_ROOT_CLASS = YES_ERROR;
				CLANG_WARN_RANGE_LOOP_ANALYSIS = YES;
				CLANG_WARN_STRICT_PROTOTYPES = YES;
				CLANG_WARN_SUSPICIOUS_MOVE = YES;
				CLANG_WARN_UNGUARDED_AVAILABILITY = YES_AGGRESSIVE;
				CLANG_WARN_UNREACHABLE_CODE = YES;
				CLANG_WARN__DUPLICATE_METHOD_MATCH = YES;
				CODE_SIGN_IDENTITY = "iPhone Developer";
				COPY_PHASE_STRIP = NO;
				DEBUG_INFORMATION_FORMAT = dwarf;
				ENABLE_STRICT_OBJC_MSGSEND = YES;
				ENABLE_TESTABILITY = YES;
				GCC_C_LANGUAGE_STANDARD = gnu11;
				GCC_DYNAMIC_NO_PIC = NO;
				GCC_NO_COMMON_BLOCKS = YES;
				GCC_OPTIMIZATION_LEVEL = 0;
				GCC_PREPROCESSOR_DEFINITIONS = (
					"DEBUG=1",
					"$(inherited)",
				);
				GCC_WARN_64_TO_32_BIT_CONVERSION = YES;
				GCC_WARN_ABOUT_RETURN_TYPE = YES_ERROR;
				GCC_WARN_UNDECLARED_SELECTOR = YES;
				GCC_WARN_UNINITIALIZED_AUTOS = YES_AGGRESSIVE;
				GCC_WARN_UNUSED_FUNCTION = YES;
				GCC_WARN_UNUSED_VARIABLE = YES;
				IPHONEOS_DEPLOYMENT_TARGET = 11.2;
				MTL_ENABLE_DEBUG_INFO = YES;
				ONLY_ACTIVE_ARCH = YES;
				SDKROOT = iphoneos;
				SWIFT_ACTIVE_COMPILATION_CONDITIONS = DEBUG;
				SWIFT_OPTIMIZATION_LEVEL = "-Onone";
			};
			name = Debug;
		};
		D7F4AA4A20617F4E005CDFD0 /* Release */ = {
			isa = XCBuildConfiguration;
			buildSettings = {
				ALWAYS_SEARCH_USER_PATHS = NO;
				CLANG_ANALYZER_NONNULL = YES;
				CLANG_ANALYZER_NUMBER_OBJECT_CONVERSION = YES_AGGRESSIVE;
				CLANG_CXX_LANGUAGE_STANDARD = "gnu++14";
				CLANG_CXX_LIBRARY = "libc++";
				CLANG_ENABLE_MODULES = YES;
				CLANG_ENABLE_OBJC_ARC = YES;
				CLANG_WARN_BLOCK_CAPTURE_AUTORELEASING = YES;
				CLANG_WARN_BOOL_CONVERSION = YES;
				CLANG_WARN_COMMA = YES;
				CLANG_WARN_CONSTANT_CONVERSION = YES;
				CLANG_WARN_DIRECT_OBJC_ISA_USAGE = YES_ERROR;
				CLANG_WARN_DOCUMENTATION_COMMENTS = YES;
				CLANG_WARN_EMPTY_BODY = YES;
				CLANG_WARN_ENUM_CONVERSION = YES;
				CLANG_WARN_INFINITE_RECURSION = YES;
				CLANG_WARN_INT_CONVERSION = YES;
				CLANG_WARN_NON_LITERAL_NULL_CONVERSION = YES;
				CLANG_WARN_OBJC_LITERAL_CONVERSION = YES;
				CLANG_WARN_OBJC_ROOT_CLASS = YES_ERROR;
				CLANG_WARN_RANGE_LOOP_ANALYSIS = YES;
				CLANG_WARN_STRICT_PROTOTYPES = YES;
				CLANG_WARN_SUSPICIOUS_MOVE = YES;
				CLANG_WARN_UNGUARDED_AVAILABILITY = YES_AGGRESSIVE;
				CLANG_WARN_UNREACHABLE_CODE = YES;
				CLANG_WARN__DUPLICATE_METHOD_MATCH = YES;
				CODE_SIGN_IDENTITY = "iPhone Developer";
				COPY_PHASE_STRIP = NO;
				DEBUG_INFORMATION_FORMAT = "dwarf-with-dsym";
				ENABLE_NS_ASSERTIONS = NO;
				ENABLE_STRICT_OBJC_MSGSEND = YES;
				GCC_C_LANGUAGE_STANDARD = gnu11;
				GCC_NO_COMMON_BLOCKS = YES;
				GCC_WARN_64_TO_32_BIT_CONVERSION = YES;
				GCC_WARN_ABOUT_RETURN_TYPE = YES_ERROR;
				GCC_WARN_UNDECLARED_SELECTOR = YES;
				GCC_WARN_UNINITIALIZED_AUTOS = YES_AGGRESSIVE;
				GCC_WARN_UNUSED_FUNCTION = YES;
				GCC_WARN_UNUSED_VARIABLE = YES;
				IPHONEOS_DEPLOYMENT_TARGET = 11.2;
				MTL_ENABLE_DEBUG_INFO = NO;
				SDKROOT = iphoneos;
				SWIFT_OPTIMIZATION_LEVEL = "-Owholemodule";
				VALIDATE_PRODUCT = YES;
			};
			name = Release;
		};
		D7F4AA4C20617F4E005CDFD0 /* Debug */ = {
			isa = XCBuildConfiguration;
			baseConfigurationReference = AC4B4F2045B31243CD04A998 /* Pods-Todoey.debug.xcconfig */;
			buildSettings = {
				ASSETCATALOG_COMPILER_APPICON_NAME = AppIcon;
				CODE_SIGN_STYLE = Automatic;
				DEVELOPMENT_TEAM = 99MGURMU5U;
				INFOPLIST_FILE = Todoey/Info.plist;
				LD_RUNPATH_SEARCH_PATHS = "$(inherited) @executable_path/Frameworks";
				PRODUCT_BUNDLE_IDENTIFIER = com.controlsequipment.Todoey;
				PRODUCT_NAME = "$(TARGET_NAME)";
				SWIFT_VERSION = 4.0;
				TARGETED_DEVICE_FAMILY = "1,2";
			};
			name = Debug;
		};
		D7F4AA4D20617F4E005CDFD0 /* Release */ = {
			isa = XCBuildConfiguration;
			baseConfigurationReference = 4E10845F0372417BDF391326 /* Pods-Todoey.release.xcconfig */;
			buildSettings = {
				ASSETCATALOG_COMPILER_APPICON_NAME = AppIcon;
				CODE_SIGN_STYLE = Automatic;
				DEVELOPMENT_TEAM = 99MGURMU5U;
				INFOPLIST_FILE = Todoey/Info.plist;
				LD_RUNPATH_SEARCH_PATHS = "$(inherited) @executable_path/Frameworks";
				PRODUCT_BUNDLE_IDENTIFIER = com.controlsequipment.Todoey;
				PRODUCT_NAME = "$(TARGET_NAME)";
				SWIFT_VERSION = 4.0;
				TARGETED_DEVICE_FAMILY = "1,2";
			};
			name = Release;
		};
/* End XCBuildConfiguration section */

/* Begin XCConfigurationList section */
		D7F4AA3420617F4D005CDFD0 /* Build configuration list for PBXProject "Todoey" */ = {
			isa = XCConfigurationList;
			buildConfigurations = (
				D7F4AA4920617F4E005CDFD0 /* Debug */,
				D7F4AA4A20617F4E005CDFD0 /* Release */,
			);
			defaultConfigurationIsVisible = 0;
			defaultConfigurationName = Release;
		};
		D7F4AA4B20617F4E005CDFD0 /* Build configuration list for PBXNativeTarget "Todoey" */ = {
			isa = XCConfigurationList;
			buildConfigurations = (
				D7F4AA4C20617F4E005CDFD0 /* Debug */,
				D7F4AA4D20617F4E005CDFD0 /* Release */,
			);
			defaultConfigurationIsVisible = 0;
			defaultConfigurationName = Release;
		};
/* End XCConfigurationList section */

/* Begin XCVersionGroup section */
		D7267308206928E200BEF17E /* DataModel.xcdatamodeld */ = {
			isa = XCVersionGroup;
			children = (
				D7267309206928E200BEF17E /* DataModel.xcdatamodel */,
			);
			currentVersion = D7267309206928E200BEF17E /* DataModel.xcdatamodel */;
			path = DataModel.xcdatamodeld;
			sourceTree = "<group>";
			versionGroupType = wrapper.xcdatamodel;
		};
/* End XCVersionGroup section */
	};
	rootObject = D7F4AA3120617F4D005CDFD0 /* Project object */;
}
